// !$*UTF8*$!
{
	archiveVersion = 1;
	classes = {
	};
	objectVersion = 50;
	objects = {

/* Begin PBXBuildFile section */
		CA217522268110610020189F /* TodayCardView.swift in Sources */ = {isa = PBXBuildFile; fileRef = CA217521268110610020189F /* TodayCardView.swift */; };
		CA217524268113A50020189F /* DailyRowView.swift in Sources */ = {isa = PBXBuildFile; fileRef = CA217523268113A50020189F /* DailyRowView.swift */; };
		CA31B920264C737A00C09106 /* Misc.swift in Sources */ = {isa = PBXBuildFile; fileRef = CA31B91F264C737A00C09106 /* Misc.swift */; };
		CA31B927264C755F00C09106 /* CitiesHeaderView.swift in Sources */ = {isa = PBXBuildFile; fileRef = CA31B926264C755F00C09106 /* CitiesHeaderView.swift */; };
		CA6036FA264F3F850064C021 /* SmallDataView.swift in Sources */ = {isa = PBXBuildFile; fileRef = CA6036F9264F3F850064C021 /* SmallDataView.swift */; };
		CA703A9026816C7000DDDD53 /* SearchView.swift in Sources */ = {isa = PBXBuildFile; fileRef = CA703A8F26816C7000DDDD53 /* SearchView.swift */; };
		CA77BD01267CFF4E00575EE4 /* LocationManager.swift in Sources */ = {isa = PBXBuildFile; fileRef = CA77BD00267CFF4E00575EE4 /* LocationManager.swift */; };
		CA7DB506267D680C005DF199 /* Settings.bundle in Resources */ = {isa = PBXBuildFile; fileRef = CA7DB505267D680C005DF199 /* Settings.bundle */; };
		CA8CBD70267AE9AC00CA6B41 /* CustomScreenView.swift in Sources */ = {isa = PBXBuildFile; fileRef = CA8CBD6F267AE9AC00CA6B41 /* CustomScreenView.swift */; };
		CA9EF006267BBAE100B45662 /* CustomMapUIView.swift in Sources */ = {isa = PBXBuildFile; fileRef = CA9EF005267BBAE100B45662 /* CustomMapUIView.swift */; };
		CAEA57092642FE470060A51E /* WeatherApp.swift in Sources */ = {isa = PBXBuildFile; fileRef = CAEA57082642FE470060A51E /* WeatherApp.swift */; };
		CAEA570B2642FE470060A51E /* ContentView.swift in Sources */ = {isa = PBXBuildFile; fileRef = CAEA570A2642FE470060A51E /* ContentView.swift */; };
		CAEA570D2642FE490060A51E /* Assets.xcassets in Resources */ = {isa = PBXBuildFile; fileRef = CAEA570C2642FE490060A51E /* Assets.xcassets */; };
		CAEA57102642FE490060A51E /* Preview Assets.xcassets in Resources */ = {isa = PBXBuildFile; fileRef = CAEA570F2642FE490060A51E /* Preview Assets.xcassets */; };
		CAEA571E2643012F0060A51E /* MainView.swift in Sources */ = {isa = PBXBuildFile; fileRef = CAEA571D2643012F0060A51E /* MainView.swift */; };
		CAEA5722264302000060A51E /* HomeView.swift in Sources */ = {isa = PBXBuildFile; fileRef = CAEA5721264302000060A51E /* HomeView.swift */; };
		CAEA5725264302150060A51E /* MapView.swift in Sources */ = {isa = PBXBuildFile; fileRef = CAEA5724264302150060A51E /* MapView.swift */; };
		CAEA5728264302230060A51E /* CitiesView.swift in Sources */ = {isa = PBXBuildFile; fileRef = CAEA5727264302230060A51E /* CitiesView.swift */; };
		CAEA572B2643023A0060A51E /* SettingsView.swift in Sources */ = {isa = PBXBuildFile; fileRef = CAEA572A2643023A0060A51E /* SettingsView.swift */; };
		CAEA572E264313F60060A51E /* CityView.swift in Sources */ = {isa = PBXBuildFile; fileRef = CAEA572D264313F60060A51E /* CityView.swift */; };
/* End PBXBuildFile section */

/* Begin PBXFileReference section */
		CA217521268110610020189F /* TodayCardView.swift */ = {isa = PBXFileReference; lastKnownFileType = sourcecode.swift; path = TodayCardView.swift; sourceTree = "<group>"; };
		CA217523268113A50020189F /* DailyRowView.swift */ = {isa = PBXFileReference; lastKnownFileType = sourcecode.swift; path = DailyRowView.swift; sourceTree = "<group>"; };
		CA31B91F264C737A00C09106 /* Misc.swift */ = {isa = PBXFileReference; lastKnownFileType = sourcecode.swift; path = Misc.swift; sourceTree = "<group>"; };
		CA31B926264C755F00C09106 /* CitiesHeaderView.swift */ = {isa = PBXFileReference; lastKnownFileType = sourcecode.swift; path = CitiesHeaderView.swift; sourceTree = "<group>"; };
		CA6036F9264F3F850064C021 /* SmallDataView.swift */ = {isa = PBXFileReference; lastKnownFileType = sourcecode.swift; path = SmallDataView.swift; sourceTree = "<group>"; };
		CA703A8F26816C7000DDDD53 /* SearchView.swift */ = {isa = PBXFileReference; lastKnownFileType = sourcecode.swift; path = SearchView.swift; sourceTree = "<group>"; };
		CA77BD00267CFF4E00575EE4 /* LocationManager.swift */ = {isa = PBXFileReference; lastKnownFileType = sourcecode.swift; path = LocationManager.swift; sourceTree = "<group>"; };
		CA7DB505267D680C005DF199 /* Settings.bundle */ = {isa = PBXFileReference; lastKnownFileType = "wrapper.plug-in"; path = Settings.bundle; sourceTree = "<group>"; };
		CA8CBD6F267AE9AC00CA6B41 /* CustomScreenView.swift */ = {isa = PBXFileReference; lastKnownFileType = sourcecode.swift; path = CustomScreenView.swift; sourceTree = "<group>"; };
		CA9EF005267BBAE100B45662 /* CustomMapUIView.swift */ = {isa = PBXFileReference; lastKnownFileType = sourcecode.swift; path = CustomMapUIView.swift; sourceTree = "<group>"; };
		CAEA57052642FE470060A51E /* Weather.app */ = {isa = PBXFileReference; explicitFileType = wrapper.application; includeInIndex = 0; path = Weather.app; sourceTree = BUILT_PRODUCTS_DIR; };
		CAEA57082642FE470060A51E /* WeatherApp.swift */ = {isa = PBXFileReference; lastKnownFileType = sourcecode.swift; path = WeatherApp.swift; sourceTree = "<group>"; };
		CAEA570A2642FE470060A51E /* ContentView.swift */ = {isa = PBXFileReference; lastKnownFileType = sourcecode.swift; path = ContentView.swift; sourceTree = "<group>"; };
		CAEA570C2642FE490060A51E /* Assets.xcassets */ = {isa = PBXFileReference; lastKnownFileType = folder.assetcatalog; path = Assets.xcassets; sourceTree = "<group>"; };
		CAEA570F2642FE490060A51E /* Preview Assets.xcassets */ = {isa = PBXFileReference; lastKnownFileType = folder.assetcatalog; path = "Preview Assets.xcassets"; sourceTree = "<group>"; };
		CAEA57112642FE490060A51E /* Info.plist */ = {isa = PBXFileReference; lastKnownFileType = text.plist.xml; path = Info.plist; sourceTree = "<group>"; };
		CAEA571D2643012F0060A51E /* MainView.swift */ = {isa = PBXFileReference; lastKnownFileType = sourcecode.swift; path = MainView.swift; sourceTree = "<group>"; };
		CAEA5721264302000060A51E /* HomeView.swift */ = {isa = PBXFileReference; lastKnownFileType = sourcecode.swift; path = HomeView.swift; sourceTree = "<group>"; };
		CAEA5724264302150060A51E /* MapView.swift */ = {isa = PBXFileReference; lastKnownFileType = sourcecode.swift; path = MapView.swift; sourceTree = "<group>"; };
		CAEA5727264302230060A51E /* CitiesView.swift */ = {isa = PBXFileReference; lastKnownFileType = sourcecode.swift; path = CitiesView.swift; sourceTree = "<group>"; };
		CAEA572A2643023A0060A51E /* SettingsView.swift */ = {isa = PBXFileReference; lastKnownFileType = sourcecode.swift; path = SettingsView.swift; sourceTree = "<group>"; };
		CAEA572D264313F60060A51E /* CityView.swift */ = {isa = PBXFileReference; lastKnownFileType = sourcecode.swift; path = CityView.swift; sourceTree = "<group>"; };
/* End PBXFileReference section */

/* Begin PBXFrameworksBuildPhase section */
		CAEA57022642FE470060A51E /* Frameworks */ = {
			isa = PBXFrameworksBuildPhase;
			buildActionMask = 2147483647;
			files = (
			);
			runOnlyForDeploymentPostprocessing = 0;
		};
/* End PBXFrameworksBuildPhase section */

/* Begin PBXGroup section */
		CAEA56FC2642FE470060A51E = {
			isa = PBXGroup;
			children = (
				CAEA57072642FE470060A51E /* Weather */,
				CAEA57062642FE470060A51E /* Products */,
			);
			sourceTree = "<group>";
		};
		CAEA57062642FE470060A51E /* Products */ = {
			isa = PBXGroup;
			children = (
				CAEA57052642FE470060A51E /* Weather.app */,
			);
			name = Products;
			sourceTree = "<group>";
		};
		CAEA57072642FE470060A51E /* Weather */ = {
			isa = PBXGroup;
			children = (
				CAEA571A2642FFDA0060A51E /* ModelView */,
				CAEA57192642FF9E0060A51E /* Model */,
				CAEA57182642FF7C0060A51E /* View */,
				CAEA57082642FE470060A51E /* WeatherApp.swift */,
				CAEA570A2642FE470060A51E /* ContentView.swift */,
				CAEA570C2642FE490060A51E /* Assets.xcassets */,
				CAEA57112642FE490060A51E /* Info.plist */,
				CAEA570E2642FE490060A51E /* Preview Content */,
				CA7DB505267D680C005DF199 /* Settings.bundle */,
			);
			path = Weather;
			sourceTree = "<group>";
		};
		CAEA570E2642FE490060A51E /* Preview Content */ = {
			isa = PBXGroup;
			children = (
				CAEA570F2642FE490060A51E /* Preview Assets.xcassets */,
			);
			path = "Preview Content";
			sourceTree = "<group>";
		};
		CAEA57182642FF7C0060A51E /* View */ = {
			isa = PBXGroup;
			children = (
				CAEA571C264301160060A51E /* Components */,
				CAEA571B264301090060A51E /* Screens */,
			);
			path = View;
			sourceTree = "<group>";
		};
		CAEA57192642FF9E0060A51E /* Model */ = {
			isa = PBXGroup;
			children = (
				CA31B91F264C737A00C09106 /* Misc.swift */,
				CA77BD00267CFF4E00575EE4 /* LocationManager.swift */,
			);
			path = Model;
			sourceTree = "<group>";
		};
		CAEA571A2642FFDA0060A51E /* ModelView */ = {
			isa = PBXGroup;
			children = (
			);
			path = ModelView;
			sourceTree = "<group>";
		};
		CAEA571B264301090060A51E /* Screens */ = {
			isa = PBXGroup;
			children = (
				CAEA571D2643012F0060A51E /* MainView.swift */,
				CAEA5721264302000060A51E /* HomeView.swift */,
				CAEA5724264302150060A51E /* MapView.swift */,
				CAEA5727264302230060A51E /* CitiesView.swift */,
				CAEA572A2643023A0060A51E /* SettingsView.swift */,
			);
			path = Screens;
			sourceTree = "<group>";
		};
		CAEA571C264301160060A51E /* Components */ = {
			isa = PBXGroup;
			children = (
				CAEA572D264313F60060A51E /* CityView.swift */,
				CA31B926264C755F00C09106 /* CitiesHeaderView.swift */,
				CA6036F9264F3F850064C021 /* SmallDataView.swift */,
				CA8CBD6F267AE9AC00CA6B41 /* CustomScreenView.swift */,
				CA9EF005267BBAE100B45662 /* CustomMapUIView.swift */,
				CA217521268110610020189F /* TodayCardView.swift */,
				CA217523268113A50020189F /* DailyRowView.swift */,
				CA703A8F26816C7000DDDD53 /* SearchView.swift */,
			);
			path = Components;
			sourceTree = "<group>";
		};
/* End PBXGroup section */

/* Begin PBXNativeTarget section */
		CAEA57042642FE470060A51E /* Weather */ = {
			isa = PBXNativeTarget;
			buildConfigurationList = CAEA57142642FE490060A51E /* Build configuration list for PBXNativeTarget "Weather" */;
			buildPhases = (
				CAEA57012642FE470060A51E /* Sources */,
				CAEA57022642FE470060A51E /* Frameworks */,
				CAEA57032642FE470060A51E /* Resources */,
			);
			buildRules = (
			);
			dependencies = (
			);
			name = Weather;
			productName = Weather;
			productReference = CAEA57052642FE470060A51E /* Weather.app */;
			productType = "com.apple.product-type.application";
		};
/* End PBXNativeTarget section */

/* Begin PBXProject section */
		CAEA56FD2642FE470060A51E /* Project object */ = {
			isa = PBXProject;
			attributes = {
				LastSwiftUpdateCheck = 1240;
				LastUpgradeCheck = 1240;
				TargetAttributes = {
					CAEA57042642FE470060A51E = {
						CreatedOnToolsVersion = 12.4;
					};
				};
			};
			buildConfigurationList = CAEA57002642FE470060A51E /* Build configuration list for PBXProject "Weather" */;
			compatibilityVersion = "Xcode 9.3";
			developmentRegion = en;
			hasScannedForEncodings = 0;
			knownRegions = (
				en,
				Base,
			);
			mainGroup = CAEA56FC2642FE470060A51E;
			productRefGroup = CAEA57062642FE470060A51E /* Products */;
			projectDirPath = "";
			projectRoot = "";
			targets = (
				CAEA57042642FE470060A51E /* Weather */,
			);
		};
/* End PBXProject section */

/* Begin PBXResourcesBuildPhase section */
		CAEA57032642FE470060A51E /* Resources */ = {
			isa = PBXResourcesBuildPhase;
			buildActionMask = 2147483647;
			files = (
				CAEA57102642FE490060A51E /* Preview Assets.xcassets in Resources */,
				CA7DB506267D680C005DF199 /* Settings.bundle in Resources */,
				CAEA570D2642FE490060A51E /* Assets.xcassets in Resources */,
			);
			runOnlyForDeploymentPostprocessing = 0;
		};
/* End PBXResourcesBuildPhase section */

/* Begin PBXSourcesBuildPhase section */
		CAEA57012642FE470060A51E /* Sources */ = {
			isa = PBXSourcesBuildPhase;
			buildActionMask = 2147483647;
			files = (
				CAEA572B2643023A0060A51E /* SettingsView.swift in Sources */,
				CA77BD01267CFF4E00575EE4 /* LocationManager.swift in Sources */,
				CA217524268113A50020189F /* DailyRowView.swift in Sources */,
				CAEA570B2642FE470060A51E /* ContentView.swift in Sources */,
				CA217522268110610020189F /* TodayCardView.swift in Sources */,
				CAEA5722264302000060A51E /* HomeView.swift in Sources */,
				CA703A9026816C7000DDDD53 /* SearchView.swift in Sources */,
				CA31B920264C737A00C09106 /* Misc.swift in Sources */,
				CA8CBD70267AE9AC00CA6B41 /* CustomScreenView.swift in Sources */,
				CA31B927264C755F00C09106 /* CitiesHeaderView.swift in Sources */,
				CAEA5725264302150060A51E /* MapView.swift in Sources */,
				CAEA571E2643012F0060A51E /* MainView.swift in Sources */,
				CA6036FA264F3F850064C021 /* SmallDataView.swift in Sources */,
				CAEA572E264313F60060A51E /* CityView.swift in Sources */,
				CA9EF006267BBAE100B45662 /* CustomMapUIView.swift in Sources */,
				CAEA57092642FE470060A51E /* WeatherApp.swift in Sources */,
				CAEA5728264302230060A51E /* CitiesView.swift in Sources */,
			);
			runOnlyForDeploymentPostprocessing = 0;
		};
/* End PBXSourcesBuildPhase section */

/* Begin XCBuildConfiguration section */
		CAEA57122642FE490060A51E /* Debug */ = {
			isa = XCBuildConfiguration;
			buildSettings = {
				ALWAYS_SEARCH_USER_PATHS = NO;
				CLANG_ANALYZER_NONNULL = YES;
				CLANG_ANALYZER_NUMBER_OBJECT_CONVERSION = YES_AGGRESSIVE;
				CLANG_CXX_LANGUAGE_STANDARD = "gnu++14";
				CLANG_CXX_LIBRARY = "libc++";
				CLANG_ENABLE_MODULES = YES;
				CLANG_ENABLE_OBJC_ARC = YES;
				CLANG_ENABLE_OBJC_WEAK = YES;
				CLANG_WARN_BLOCK_CAPTURE_AUTORELEASING = YES;
				CLANG_WARN_BOOL_CONVERSION = YES;
				CLANG_WARN_COMMA = YES;
				CLANG_WARN_CONSTANT_CONVERSION = YES;
				CLANG_WARN_DEPRECATED_OBJC_IMPLEMENTATIONS = YES;
				CLANG_WARN_DIRECT_OBJC_ISA_USAGE = YES_ERROR;
				CLANG_WARN_DOCUMENTATION_COMMENTS = YES;
				CLANG_WARN_EMPTY_BODY = YES;
				CLANG_WARN_ENUM_CONVERSION = YES;
				CLANG_WARN_INFINITE_RECURSION = YES;
				CLANG_WARN_INT_CONVERSION = YES;
				CLANG_WARN_NON_LITERAL_NULL_CONVERSION = YES;
				CLANG_WARN_OBJC_IMPLICIT_RETAIN_SELF = YES;
				CLANG_WARN_OBJC_LITERAL_CONVERSION = YES;
				CLANG_WARN_OBJC_ROOT_CLASS = YES_ERROR;
				CLANG_WARN_QUOTED_INCLUDE_IN_FRAMEWORK_HEADER = YES;
				CLANG_WARN_RANGE_LOOP_ANALYSIS = YES;
				CLANG_WARN_STRICT_PROTOTYPES = YES;
				CLANG_WARN_SUSPICIOUS_MOVE = YES;
				CLANG_WARN_UNGUARDED_AVAILABILITY = YES_AGGRESSIVE;
				CLANG_WARN_UNREACHABLE_CODE = YES;
				CLANG_WARN__DUPLICATE_METHOD_MATCH = YES;
				COPY_PHASE_STRIP = NO;
				DEBUG_INFORMATION_FORMAT = dwarf;
				ENABLE_STRICT_OBJC_MSGSEND = YES;
				ENABLE_TESTABILITY = YES;
				GCC_C_LANGUAGE_STANDARD = gnu11;
				GCC_DYNAMIC_NO_PIC = NO;
				GCC_NO_COMMON_BLOCKS = YES;
				GCC_OPTIMIZATION_LEVEL = 0;
				GCC_PREPROCESSOR_DEFINITIONS = (
					"DEBUG=1",
					"$(inherited)",
				);
				GCC_WARN_64_TO_32_BIT_CONVERSION = YES;
				GCC_WARN_ABOUT_RETURN_TYPE = YES_ERROR;
				GCC_WARN_UNDECLARED_SELECTOR = YES;
				GCC_WARN_UNINITIALIZED_AUTOS = YES_AGGRESSIVE;
				GCC_WARN_UNUSED_FUNCTION = YES;
				GCC_WARN_UNUSED_VARIABLE = YES;
				IPHONEOS_DEPLOYMENT_TARGET = 14.4;
				MTL_ENABLE_DEBUG_INFO = INCLUDE_SOURCE;
				MTL_FAST_MATH = YES;
				ONLY_ACTIVE_ARCH = YES;
				SDKROOT = iphoneos;
				SWIFT_ACTIVE_COMPILATION_CONDITIONS = DEBUG;
				SWIFT_OPTIMIZATION_LEVEL = "-Onone";
			};
			name = Debug;
		};
		CAEA57132642FE490060A51E /* Release */ = {
			isa = XCBuildConfiguration;
			buildSettings = {
				ALWAYS_SEARCH_USER_PATHS = NO;
				CLANG_ANALYZER_NONNULL = YES;
				CLANG_ANALYZER_NUMBER_OBJECT_CONVERSION = YES_AGGRESSIVE;
				CLANG_CXX_LANGUAGE_STANDARD = "gnu++14";
				CLANG_CXX_LIBRARY = "libc++";
				CLANG_ENABLE_MODULES = YES;
				CLANG_ENABLE_OBJC_ARC = YES;
				CLANG_ENABLE_OBJC_WEAK = YES;
				CLANG_WARN_BLOCK_CAPTURE_AUTORELEASING = YES;
				CLANG_WARN_BOOL_CONVERSION = YES;
				CLANG_WARN_COMMA = YES;
				CLANG_WARN_CONSTANT_CONVERSION = YES;
				CLANG_WARN_DEPRECATED_OBJC_IMPLEMENTATIONS = YES;
				CLANG_WARN_DIRECT_OBJC_ISA_USAGE = YES_ERROR;
				CLANG_WARN_DOCUMENTATION_COMMENTS = YES;
				CLANG_WARN_EMPTY_BODY = YES;
				CLANG_WARN_ENUM_CONVERSION = YES;
				CLANG_WARN_INFINITE_RECURSION = YES;
				CLANG_WARN_INT_CONVERSION = YES;
				CLANG_WARN_NON_LITERAL_NULL_CONVERSION = YES;
				CLANG_WARN_OBJC_IMPLICIT_RETAIN_SELF = YES;
				CLANG_WARN_OBJC_LITERAL_CONVERSION = YES;
				CLANG_WARN_OBJC_ROOT_CLASS = YES_ERROR;
				CLANG_WARN_QUOTED_INCLUDE_IN_FRAMEWORK_HEADER = YES;
				CLANG_WARN_RANGE_LOOP_ANALYSIS = YES;
				CLANG_WARN_STRICT_PROTOTYPES = YES;
				CLANG_WARN_SUSPICIOUS_MOVE = YES;
				CLANG_WARN_UNGUARDED_AVAILABILITY = YES_AGGRESSIVE;
				CLANG_WARN_UNREACHABLE_CODE = YES;
				CLANG_WARN__DUPLICATE_METHOD_MATCH = YES;
				COPY_PHASE_STRIP = NO;
				DEBUG_INFORMATION_FORMAT = "dwarf-with-dsym";
				ENABLE_NS_ASSERTIONS = NO;
				ENABLE_STRICT_OBJC_MSGSEND = YES;
				GCC_C_LANGUAGE_STANDARD = gnu11;
				GCC_NO_COMMON_BLOCKS = YES;
				GCC_WARN_64_TO_32_BIT_CONVERSION = YES;
				GCC_WARN_ABOUT_RETURN_TYPE = YES_ERROR;
				GCC_WARN_UNDECLARED_SELECTOR = YES;
				GCC_WARN_UNINITIALIZED_AUTOS = YES_AGGRESSIVE;
				GCC_WARN_UNUSED_FUNCTION = YES;
				GCC_WARN_UNUSED_VARIABLE = YES;
				IPHONEOS_DEPLOYMENT_TARGET = 14.4;
				MTL_ENABLE_DEBUG_INFO = NO;
				MTL_FAST_MATH = YES;
				SDKROOT = iphoneos;
				SWIFT_COMPILATION_MODE = wholemodule;
				SWIFT_OPTIMIZATION_LEVEL = "-O";
				VALIDATE_PRODUCT = YES;
			};
			name = Release;
		};
		CAEA57152642FE490060A51E /* Debug */ = {
			isa = XCBuildConfiguration;
			buildSettings = {
				ASSETCATALOG_COMPILER_APPICON_NAME = AppIcon;
				ASSETCATALOG_COMPILER_GLOBAL_ACCENT_COLOR_NAME = AccentColor;
				CODE_SIGN_STYLE = Automatic;
				DEVELOPMENT_ASSET_PATHS = "\"Weather/Preview Content\"";
				DEVELOPMENT_TEAM = HB3E67YK35;
				ENABLE_PREVIEWS = YES;
				INFOPLIST_FILE = Weather/Info.plist;
				IPHONEOS_DEPLOYMENT_TARGET = 14.0;
				LD_RUNPATH_SEARCH_PATHS = (
					"$(inherited)",
					"@executable_path/Frameworks",
				);
				PRODUCT_BUNDLE_IDENTIFIER = com.jemalvarez.Weather;
				PRODUCT_NAME = "$(TARGET_NAME)";
				SWIFT_VERSION = 5.0;
				TARGETED_DEVICE_FAMILY = "1,2";
			};
			name = Debug;
		};
		CAEA57162642FE490060A51E /* Release */ = {
			isa = XCBuildConfiguration;
			buildSettings = {
				ASSETCATALOG_COMPILER_APPICON_NAME = AppIcon;
				ASSETCATALOG_COMPILER_GLOBAL_ACCENT_COLOR_NAME = AccentColor;
				CODE_SIGN_STYLE = Automatic;
				DEVELOPMENT_ASSET_PATHS = "\"Weather/Preview Content\"";
				DEVELOPMENT_TEAM = HB3E67YK35;
				ENABLE_PREVIEWS = YES;
				INFOPLIST_FILE = Weather/Info.plist;
				IPHONEOS_DEPLOYMENT_TARGET = 14.0;
				LD_RUNPATH_SEARCH_PATHS = (
					"$(inherited)",
					"@executable_path/Frameworks",
				);
				PRODUCT_BUNDLE_IDENTIFIER = com.jemalvarez.Weather;
				PRODUCT_NAME = "$(TARGET_NAME)";
				SWIFT_VERSION = 5.0;
				TARGETED_DEVICE_FAMILY = "1,2";
			};
			name = Release;
		};
/* End XCBuildConfiguration section */

/* Begin XCConfigurationList section */
		CAEA57002642FE470060A51E /* Build configuration list for PBXProject "Weather" */ = {
			isa = XCConfigurationList;
			buildConfigurations = (
				CAEA57122642FE490060A51E /* Debug */,
				CAEA57132642FE490060A51E /* Release */,
			);
			defaultConfigurationIsVisible = 0;
			defaultConfigurationName = Release;
		};
		CAEA57142642FE490060A51E /* Build configuration list for PBXNativeTarget "Weather" */ = {
			isa = XCConfigurationList;
			buildConfigurations = (
				CAEA57152642FE490060A51E /* Debug */,
				CAEA57162642FE490060A51E /* Release */,
			);
			defaultConfigurationIsVisible = 0;
			defaultConfigurationName = Release;
		};
/* End XCConfigurationList section */
	};
	rootObject = CAEA56FD2642FE470060A51E /* Project object */;
}
